# This file is generated by running "yarn install" inside your project.
# Manual changes might be lost - proceed with caution!

__metadata:
  version: 6
  cacheKey: 8

"@htptp/repo@workspace:.":
  version: 0.0.0-use.local
  resolution: "@htptp/repo@workspace:."
  dependencies:
    prettier: ^2.5.1
    prettier-plugin-pkg: ^0.11.1
    prettier-plugin-sh: ^0.8.1
    typescript: ^4.6.2
  languageName: unknown
  linkType: soft

"mvdan-sh@npm:^0.5.0":
  version: 0.5.0
  resolution: "mvdan-sh@npm:0.5.0"
  checksum: b662308861c8d77076513d7f154ec2e340b28f34bedcf413450381255408dd6749b92b51b56946945cf016887789decfe7e89f3b201a71e3d908f59bd9e77474
  languageName: node
  linkType: hard

"prettier-plugin-pkg@npm:^0.11.1":
  version: 0.11.1
  resolution: "prettier-plugin-pkg@npm:0.11.1"
  peerDependencies:
    prettier: ^2.0.0
  checksum: 6d2e954daf44381b321f9b4c1a5d0dcc7830ea3ccb7b32d90f1171d7523f348cfb74d13d7736c4d348bb6a9d32e24f126da27bee33a8d5f5414d6bcc935e3849
  languageName: node
  linkType: hard

"prettier-plugin-sh@npm:^0.8.1":
  version: 0.8.1
  resolution: "prettier-plugin-sh@npm:0.8.1"
  dependencies:
    mvdan-sh: ^0.5.0
  peerDependencies:
    prettier: ^2.0.0
  checksum: a4fb3627ceedd5c6bc29d5339df323805a9ba999bd91e43f216619a316a5d01f12ed79e9f349b2479ccc76b34938b31a01fcb008078ffd58aac27449315cb020
  languageName: node
  linkType: hard

"prettier@npm:^2.5.1":
  version: 2.5.1
  resolution: "prettier@npm:2.5.1"
  bin:
    prettier: bin-prettier.js
  checksum: 21b9408476ea1c544b0e45d51ceb94a84789ff92095abb710942d780c862d0daebdb29972d47f6b4d0f7ebbfb0ffbf56cc2cfa3e3e9d1cca54864af185b15b66
  languageName: node
  linkType: hard

"typescript@npm:^4.6.2":
  version: 4.6.2
  resolution: "typescript@npm:4.6.2"
  bin:
    tsc: bin/tsc
    tsserver: bin/tsserver
  checksum: 8a44ed7e6f6c4cb1ebe8cf236ecda2fb119d84dcf0fbd77e707b2dfea1bbcfc4e366493a143513ce7f57203c75da9d4e20af6fe46de89749366351046be7577c
  languageName: node
  linkType: hard

"typescript@patch:typescript@^4.6.2#~builtin<compat/typescript>":
  version: 4.6.2
  resolution: "typescript@patch:typescript@npm%3A4.6.2#~builtin<compat/typescript>::version=4.6.2&hash=bda367"
  bin:
    tsc: bin/tsc
    tsserver: bin/tsserver
  checksum: 40b493a71747fb89fa70df104e2c4a5e284b43750af5bea024090a5261cefa387f7a9372411b13030f7bf5555cee4275443d08805642ae5c74ef76740854a4c7
  languageName: node
  linkType: hard
